Microsoft Visual Studio Solution File, Format Version 12.00
# Visual Studio 15
VisualStudioVersion = 15.0.27130.2036
MinimumVisualStudioVersion = 10.0.40219.1
Project("{2150E333-8FDC-42A3-9474-1A3956D46DE8}") = "Light", "Light", "{F3ACB0BC-25A0-48E6-95A8-7FD7809B560C}"
	ProjectSection(SolutionItems) = preProject
		App\Light\Assets\Noise.jpg = App\Light\Assets\Noise.jpg
	EndProjectSection
EndProject
Project("{2150E333-8FDC-42A3-9474-1A3956D46DE8}") = "Native", "Native", "{2075F18C-1719-436E-BB9C-BB46DE8F7C12}"
EndProject
Project("{FAE04EC0-301F-11D3-BF4B-00C04F79EFBC}") = "Light.Lyrics", "Lyrics\Light.Lyrics\Light.Lyrics.csproj", "{5417502D-C01A-4832-91D6-58D1C2912263}"
EndProject
Project("{2150E333-8FDC-42A3-9474-1A3956D46DE8}") = "Docs", "Docs", "{C3015F5B-9BA9-4CD5-BDDA-4A800C978B26}"
	ProjectSection(SolutionItems) = preProject
		Docs\Light.dll.md = Docs\Light.dll.md
		Docs\Light.Playback.Playlist.md = Docs\Light.Playback.Playlist.md
	EndProjectSection
EndProject
Project("{8BC9CEB8-8B4A-11D0-8D11-00A0C91BC942}") = "Light.Universal", "Light native\Light.Universal\Light.Universal.vcxproj", "{AD168752-4263-4DFE-8438-0B6C21016BA4}"
EndProject
Project("{2150E333-8FDC-42A3-9474-1A3956D46DE8}") = "Core", "Core", "{6EAA4A9A-F458-4E88-814D-E53839A1AB32}"
EndProject
Project("{2150E333-8FDC-42A3-9474-1A3956D46DE8}") = "Universal", "Universal", "{E14E972E-4205-4EB7-949D-D8DB1AFE62A4}"
EndProject
Project("{FAE04EC0-301F-11D3-BF4B-00C04F79EFBC}") = "Light.Managed", "Light.Managed\Light.Managed.csproj", "{DBBBBDC5-B913-49C4-9C9F-C82E4ADFF9A2}"
EndProject
Project("{FAE04EC0-301F-11D3-BF4B-00C04F79EFBC}") = "Light.CueIndex", "Light.CueIndex\Light.CueIndex.csproj", "{E7DF4356-F9EC-464A-A2A0-EF4798D2932E}"
EndProject
Project("{FAE04EC0-301F-11D3-BF4B-00C04F79EFBC}") = "Light.Lyrics.Common", "Light.Lyrics.External\Light.Lyrics.Common.csproj", "{A75F8A18-646E-4B99-AF32-43E972FE6A8A}"
EndProject
Project("{FAE04EC0-301F-11D3-BF4B-00C04F79EFBC}") = "ChakraBridge", "ChakraBridge\ChakraBridge.csproj", "{57B3B22B-0405-411D-B620-BBE31C24F698}"
EndProject
Project("{FAE04EC0-301F-11D3-BF4B-00C04F79EFBC}") = "Light", "App\Light\Light.csproj", "{3E95163B-0031-4F40-86CB-6386FC2BCAE7}"
EndProject
Project("{2150E333-8FDC-42A3-9474-1A3956D46DE8}") = "Extensions", "Extensions", "{82EF6977-CD3C-498A-84C3-65412089A0A5}"
	ProjectSection(SolutionItems) = preProject
		Extensions\js\netease.js = Extensions\js\netease.js
		Extensions\js\qqmusic.js = Extensions\js\qqmusic.js
		Extensions\js\ttlyrics.js = Extensions\js\ttlyrics.js
		Extensions\js\xiami.js = Extensions\js\xiami.js
	EndProjectSection
EndProject
Project("{FAE04EC0-301F-11D3-BF4B-00C04F79EFBC}") = "Light.Managed.Test", "Light.Managed.Test\Light.Managed.Test.csproj", "{2671CD98-ADEC-4AF6-8F26-648C9885DD27}"
EndProject
Project("{2150E333-8FDC-42A3-9474-1A3956D46DE8}") = "FFmpeg", "FFmpeg", "{0FFC3CF7-A8E8-4437-A1A4-F7FBF370DE56}"
	ProjectSection(SolutionItems) = preProject
		ffmpeg-build.txt = ffmpeg-build.txt
		ffmpeg-compact.autopkg = ffmpeg-compact.autopkg
		ffmpeg-slim.autopkg = ffmpeg-slim.autopkg
	EndProjectSection
EndProject
Project("{FAE04EC0-301F-11D3-BF4B-00C04F79EFBC}") = "ColorThief", "ColorThief\ColorThief.csproj", "{CFCF2BFD-EB2D-452F-AEE6-112CC63E1599}"
EndProject
Project("{FAE04EC0-301F-11D3-BF4B-00C04F79EFBC}") = "WindowsRuntimeEtwLoggerProvider", "WindowsRuntimeEtwLoggerProvider\WindowsRuntimeEtwLoggerProvider.csproj", "{779348A3-0140-4093-B3C5-EE8DDDE90784}"
EndProject
Project("{2150E333-8FDC-42A3-9474-1A3956D46DE8}") = "FxExtensions Supplemental", "FxExtensions Supplemental", "{8A892522-48CE-440A-A529-09C1F897D7D0}"
EndProject
Project("{FAE04EC0-301F-11D3-BF4B-00C04F79EFBC}") = "Microsoft.Extensions.FileProviders.WindowsRuntime", "Configuration\Microsoft.Extensions.FileProviders.WindowsRuntime\Microsoft.Extensions.FileProviders.WindowsRuntime.csproj", "{11801572-C8D0-49DA-A264-94798F89C02D}"
EndProject
Project("{FAE04EC0-301F-11D3-BF4B-00C04F79EFBC}") = "Microsoft.Extensions.Configuration.WinRTFileExtensions", "Configuration\Microsoft.Extensions.Configuration.WinRTFileExtensions\Microsoft.Extensions.Configuration.WinRTFileExtensions.csproj", "{99C91C91-4AD8-40DB-BC14-677EFFEADBE1}"
EndProject
Project("{FAE04EC0-301F-11D3-BF4B-00C04F79EFBC}") = "Microsoft.Extensions.Configuration.Json", "Configuration\Microsoft.Extensions.Configuration.Json\Microsoft.Extensions.Configuration.Json.csproj", "{A73AFBBD-3322-4AAC-A894-16B5696E58C3}"
EndProject
Global
	GlobalSection(SolutionConfigurationPlatforms) = preSolution
		Debug|ARM = Debug|ARM
		Debug|x64 = Debug|x64
		Debug|x86 = Debug|x86
		EF Migration|ARM = EF Migration|ARM
		EF Migration|x64 = EF Migration|x64
		EF Migration|x86 = EF Migration|x86
		Release CLR No Test|ARM = Release CLR No Test|ARM
		Release CLR No Test|x64 = Release CLR No Test|x64
		Release CLR No Test|x86 = Release CLR No Test|x86
		Release CLR Test|ARM = Release CLR Test|ARM
		Release CLR Test|x64 = Release CLR Test|x64
		Release CLR Test|x86 = Release CLR Test|x86
		Release Store|ARM = Release Store|ARM
		Release Store|x64 = Release Store|x64
		Release Store|x86 = Release Store|x86
		Release|ARM = Release|ARM
		Release|x64 = Release|x64
		Release|x86 = Release|x86
	EndGlobalSection
	GlobalSection(ProjectConfigurationPlatforms) = postSolution
		{5417502D-C01A-4832-91D6-58D1C2912263}.Debug|ARM.ActiveCfg = Debug|ARM
		{5417502D-C01A-4832-91D6-58D1C2912263}.Debug|ARM.Build.0 = Debug|ARM
		{5417502D-C01A-4832-91D6-58D1C2912263}.Debug|x64.ActiveCfg = Debug|x64
		{5417502D-C01A-4832-91D6-58D1C2912263}.Debug|x64.Build.0 = Debug|x64
		{5417502D-C01A-4832-91D6-58D1C2912263}.Debug|x86.ActiveCfg = Debug|x86
		{5417502D-C01A-4832-91D6-58D1C2912263}.Debug|x86.Build.0 = Debug|x86
		{5417502D-C01A-4832-91D6-58D1C2912263}.EF Migration|ARM.ActiveCfg = EF Migration|ARM
		{5417502D-C01A-4832-91D6-58D1C2912263}.EF Migration|ARM.Build.0 = EF Migration|ARM
		{5417502D-C01A-4832-91D6-58D1C2912263}.EF Migration|x64.ActiveCfg = EF Migration|x64
		{5417502D-C01A-4832-91D6-58D1C2912263}.EF Migration|x64.Build.0 = EF Migration|x64
		{5417502D-C01A-4832-91D6-58D1C2912263}.EF Migration|x86.ActiveCfg = EF Migration|x86
		{5417502D-C01A-4832-91D6-58D1C2912263}.EF Migration|x86.Build.0 = EF Migration|x86
		{5417502D-C01A-4832-91D6-58D1C2912263}.Release CLR No Test|ARM.ActiveCfg = Release CLR|ARM
		{5417502D-C01A-4832-91D6-58D1C2912263}.Release CLR No Test|ARM.Build.0 = Release CLR|ARM
		{5417502D-C01A-4832-91D6-58D1C2912263}.Release CLR No Test|x64.ActiveCfg = Release CLR|x64
		{5417502D-C01A-4832-91D6-58D1C2912263}.Release CLR No Test|x64.Build.0 = Release CLR|x64
		{5417502D-C01A-4832-91D6-58D1C2912263}.Release CLR No Test|x86.ActiveCfg = Release CLR|x86
		{5417502D-C01A-4832-91D6-58D1C2912263}.Release CLR No Test|x86.Build.0 = Release CLR|x86
		{5417502D-C01A-4832-91D6-58D1C2912263}.Release CLR Test|ARM.ActiveCfg = Release CLR|ARM
		{5417502D-C01A-4832-91D6-58D1C2912263}.Release CLR Test|ARM.Build.0 = Release CLR|ARM
		{5417502D-C01A-4832-91D6-58D1C2912263}.Release CLR Test|x64.ActiveCfg = Release CLR|x64
		{5417502D-C01A-4832-91D6-58D1C2912263}.Release CLR Test|x64.Build.0 = Release CLR|x64
		{5417502D-C01A-4832-91D6-58D1C2912263}.Release CLR Test|x86.ActiveCfg = Release CLR|x86
		{5417502D-C01A-4832-91D6-58D1C2912263}.Release CLR Test|x86.Build.0 = Release CLR|x86
		{5417502D-C01A-4832-91D6-58D1C2912263}.Release Store|ARM.ActiveCfg = Release Store|ARM
		{5417502D-C01A-4832-91D6-58D1C2912263}.Release Store|ARM.Build.0 = Release Store|ARM
		{5417502D-C01A-4832-91D6-58D1C2912263}.Release Store|x64.ActiveCfg = Release Store|x64
		{5417502D-C01A-4832-91D6-58D1C2912263}.Release Store|x64.Build.0 = Release Store|x64
		{5417502D-C01A-4832-91D6-58D1C2912263}.Release Store|x86.ActiveCfg = Release Store|x86
		{5417502D-C01A-4832-91D6-58D1C2912263}.Release Store|x86.Build.0 = Release Store|x86
		{5417502D-C01A-4832-91D6-58D1C2912263}.Release|ARM.ActiveCfg = Release|ARM
		{5417502D-C01A-4832-91D6-58D1C2912263}.Release|ARM.Build.0 = Release|ARM
		{5417502D-C01A-4832-91D6-58D1C2912263}.Release|x64.ActiveCfg = Release|x64
		{5417502D-C01A-4832-91D6-58D1C2912263}.Release|x64.Build.0 = Release|x64
		{5417502D-C01A-4832-91D6-58D1C2912263}.Release|x86.ActiveCfg = Release|x86
		{5417502D-C01A-4832-91D6-58D1C2912263}.Release|x86.Build.0 = Release|x86
		{AD168752-4263-4DFE-8438-0B6C21016BA4}.Debug|ARM.ActiveCfg = Debug|ARM
		{AD168752-4263-4DFE-8438-0B6C21016BA4}.Debug|ARM.Build.0 = Debug|ARM
		{AD168752-4263-4DFE-8438-0B6C21016BA4}.Debug|x64.ActiveCfg = Debug|x64
		{AD168752-4263-4DFE-8438-0B6C21016BA4}.Debug|x64.Build.0 = Debug|x64
		{AD168752-4263-4DFE-8438-0B6C21016BA4}.Debug|x86.ActiveCfg = Debug|Win32
		{AD168752-4263-4DFE-8438-0B6C21016BA4}.Debug|x86.Build.0 = Debug|Win32
		{AD168752-4263-4DFE-8438-0B6C21016BA4}.EF Migration|ARM.ActiveCfg = EF Migration|ARM
		{AD168752-4263-4DFE-8438-0B6C21016BA4}.EF Migration|ARM.Build.0 = EF Migration|ARM
		{AD168752-4263-4DFE-8438-0B6C21016BA4}.EF Migration|x64.ActiveCfg = EF Migration|x64
		{AD168752-4263-4DFE-8438-0B6C21016BA4}.EF Migration|x64.Build.0 = EF Migration|x64
		{AD168752-4263-4DFE-8438-0B6C21016BA4}.EF Migration|x86.ActiveCfg = EF Migration|Win32
		{AD168752-4263-4DFE-8438-0B6C21016BA4}.EF Migration|x86.Build.0 = EF Migration|Win32
		{AD168752-4263-4DFE-8438-0B6C21016BA4}.Release CLR No Test|ARM.ActiveCfg = Release CLR|ARM
		{AD168752-4263-4DFE-8438-0B6C21016BA4}.Release CLR No Test|ARM.Build.0 = Release CLR|ARM
		{AD168752-4263-4DFE-8438-0B6C21016BA4}.Release CLR No Test|x64.ActiveCfg = Release CLR|x64
		{AD168752-4263-4DFE-8438-0B6C21016BA4}.Release CLR No Test|x64.Build.0 = Release CLR|x64
		{AD168752-4263-4DFE-8438-0B6C21016BA4}.Release CLR No Test|x86.ActiveCfg = Release CLR|Win32
		{AD168752-4263-4DFE-8438-0B6C21016BA4}.Release CLR No Test|x86.Build.0 = Release CLR|Win32
		{AD168752-4263-4DFE-8438-0B6C21016BA4}.Release CLR Test|ARM.ActiveCfg = Release CLR|ARM
		{AD168752-4263-4DFE-8438-0B6C21016BA4}.Release CLR Test|ARM.Build.0 = Release CLR|ARM
		{AD168752-4263-4DFE-8438-0B6C21016BA4}.Release CLR Test|x64.ActiveCfg = Release CLR|x64
		{AD168752-4263-4DFE-8438-0B6C21016BA4}.Release CLR Test|x64.Build.0 = Release CLR|x64
		{AD168752-4263-4DFE-8438-0B6C21016BA4}.Release CLR Test|x86.ActiveCfg = Release CLR|Win32
		{AD168752-4263-4DFE-8438-0B6C21016BA4}.Release CLR Test|x86.Build.0 = Release CLR|Win32
		{AD168752-4263-4DFE-8438-0B6C21016BA4}.Release Store|ARM.ActiveCfg = Release Store|ARM
		{AD168752-4263-4DFE-8438-0B6C21016BA4}.Release Store|ARM.Build.0 = Release Store|ARM
		{AD168752-4263-4DFE-8438-0B6C21016BA4}.Release Store|x64.ActiveCfg = Release Store|x64
		{AD168752-4263-4DFE-8438-0B6C21016BA4}.Release Store|x64.Build.0 = Release Store|x64
		{AD168752-4263-4DFE-8438-0B6C21016BA4}.Release Store|x86.ActiveCfg = Release Store|Win32
		{AD168752-4263-4DFE-8438-0B6C21016BA4}.Release Store|x86.Build.0 = Release Store|Win32
		{AD168752-4263-4DFE-8438-0B6C21016BA4}.Release|ARM.ActiveCfg = Release|ARM
		{AD168752-4263-4DFE-8438-0B6C21016BA4}.Release|ARM.Build.0 = Release|ARM
		{AD168752-4263-4DFE-8438-0B6C21016BA4}.Release|x64.ActiveCfg = Release|x64
		{AD168752-4263-4DFE-8438-0B6C21016BA4}.Release|x64.Build.0 = Release|x64
		{AD168752-4263-4DFE-8438-0B6C21016BA4}.Release|x86.ActiveCfg = Release|Win32
		{AD168752-4263-4DFE-8438-0B6C21016BA4}.Release|x86.Build.0 = Release|Win32
		{DBBBBDC5-B913-49C4-9C9F-C82E4ADFF9A2}.Debug|ARM.ActiveCfg = Debug|ARM
		{DBBBBDC5-B913-49C4-9C9F-C82E4ADFF9A2}.Debug|ARM.Build.0 = Debug|ARM
		{DBBBBDC5-B913-49C4-9C9F-C82E4ADFF9A2}.Debug|x64.ActiveCfg = Debug|x64
		{DBBBBDC5-B913-49C4-9C9F-C82E4ADFF9A2}.Debug|x64.Build.0 = Debug|x64
		{DBBBBDC5-B913-49C4-9C9F-C82E4ADFF9A2}.Debug|x86.ActiveCfg = Debug|x86
		{DBBBBDC5-B913-49C4-9C9F-C82E4ADFF9A2}.Debug|x86.Build.0 = Debug|x86
		{DBBBBDC5-B913-49C4-9C9F-C82E4ADFF9A2}.EF Migration|ARM.ActiveCfg = EF Migration|ARM
		{DBBBBDC5-B913-49C4-9C9F-C82E4ADFF9A2}.EF Migration|ARM.Build.0 = EF Migration|ARM
		{DBBBBDC5-B913-49C4-9C9F-C82E4ADFF9A2}.EF Migration|x64.ActiveCfg = EF Migration|x64
		{DBBBBDC5-B913-49C4-9C9F-C82E4ADFF9A2}.EF Migration|x64.Build.0 = EF Migration|x64
		{DBBBBDC5-B913-49C4-9C9F-C82E4ADFF9A2}.EF Migration|x86.ActiveCfg = EF Migration|x86
		{DBBBBDC5-B913-49C4-9C9F-C82E4ADFF9A2}.EF Migration|x86.Build.0 = EF Migration|x86
		{DBBBBDC5-B913-49C4-9C9F-C82E4ADFF9A2}.Release CLR No Test|ARM.ActiveCfg = Release CLR|ARM
		{DBBBBDC5-B913-49C4-9C9F-C82E4ADFF9A2}.Release CLR No Test|ARM.Build.0 = Release CLR|ARM
		{DBBBBDC5-B913-49C4-9C9F-C82E4ADFF9A2}.Release CLR No Test|x64.ActiveCfg = Release CLR|x64
		{DBBBBDC5-B913-49C4-9C9F-C82E4ADFF9A2}.Release CLR No Test|x64.Build.0 = Release CLR|x64
		{DBBBBDC5-B913-49C4-9C9F-C82E4ADFF9A2}.Release CLR No Test|x86.ActiveCfg = Release CLR|x86
		{DBBBBDC5-B913-49C4-9C9F-C82E4ADFF9A2}.Release CLR No Test|x86.Build.0 = Release CLR|x86
		{DBBBBDC5-B913-49C4-9C9F-C82E4ADFF9A2}.Release CLR Test|ARM.ActiveCfg = Release CLR|ARM
		{DBBBBDC5-B913-49C4-9C9F-C82E4ADFF9A2}.Release CLR Test|ARM.Build.0 = Release CLR|ARM
		{DBBBBDC5-B913-49C4-9C9F-C82E4ADFF9A2}.Release CLR Test|x64.ActiveCfg = Release CLR|x64
		{DBBBBDC5-B913-49C4-9C9F-C82E4ADFF9A2}.Release CLR Test|x64.Build.0 = Release CLR|x64
		{DBBBBDC5-B913-49C4-9C9F-C82E4ADFF9A2}.Release CLR Test|x86.ActiveCfg = Release CLR|x86
		{DBBBBDC5-B913-49C4-9C9F-C82E4ADFF9A2}.Release CLR Test|x86.Build.0 = Release CLR|x86
		{DBBBBDC5-B913-49C4-9C9F-C82E4ADFF9A2}.Release Store|ARM.ActiveCfg = Release Store|ARM
		{DBBBBDC5-B913-49C4-9C9F-C82E4ADFF9A2}.Release Store|ARM.Build.0 = Release Store|ARM
		{DBBBBDC5-B913-49C4-9C9F-C82E4ADFF9A2}.Release Store|x64.ActiveCfg = Release Store|x64
		{DBBBBDC5-B913-49C4-9C9F-C82E4ADFF9A2}.Release Store|x64.Build.0 = Release Store|x64
		{DBBBBDC5-B913-49C4-9C9F-C82E4ADFF9A2}.Release Store|x86.ActiveCfg = Release Store|x86
		{DBBBBDC5-B913-49C4-9C9F-C82E4ADFF9A2}.Release Store|x86.Build.0 = Release Store|x86
		{DBBBBDC5-B913-49C4-9C9F-C82E4ADFF9A2}.Release|ARM.ActiveCfg = Release|ARM
		{DBBBBDC5-B913-49C4-9C9F-C82E4ADFF9A2}.Release|ARM.Build.0 = Release|ARM
		{DBBBBDC5-B913-49C4-9C9F-C82E4ADFF9A2}.Release|x64.ActiveCfg = Release|x64
		{DBBBBDC5-B913-49C4-9C9F-C82E4ADFF9A2}.Release|x64.Build.0 = Release|x64
		{DBBBBDC5-B913-49C4-9C9F-C82E4ADFF9A2}.Release|x86.ActiveCfg = Release|x86
		{DBBBBDC5-B913-49C4-9C9F-C82E4ADFF9A2}.Release|x86.Build.0 = Release|x86
		{E7DF4356-F9EC-464A-A2A0-EF4798D2932E}.Debug|ARM.ActiveCfg = Debug|ARM
		{E7DF4356-F9EC-464A-A2A0-EF4798D2932E}.Debug|ARM.Build.0 = Debug|ARM
		{E7DF4356-F9EC-464A-A2A0-EF4798D2932E}.Debug|x64.ActiveCfg = Debug|x64
		{E7DF4356-F9EC-464A-A2A0-EF4798D2932E}.Debug|x64.Build.0 = Debug|x64
		{E7DF4356-F9EC-464A-A2A0-EF4798D2932E}.Debug|x86.ActiveCfg = Debug|x86
		{E7DF4356-F9EC-464A-A2A0-EF4798D2932E}.Debug|x86.Build.0 = Debug|x86
		{E7DF4356-F9EC-464A-A2A0-EF4798D2932E}.EF Migration|ARM.ActiveCfg = EF Migration|ARM
		{E7DF4356-F9EC-464A-A2A0-EF4798D2932E}.EF Migration|ARM.Build.0 = EF Migration|ARM
		{E7DF4356-F9EC-464A-A2A0-EF4798D2932E}.EF Migration|x64.ActiveCfg = EF Migration|x64
		{E7DF4356-F9EC-464A-A2A0-EF4798D2932E}.EF Migration|x64.Build.0 = EF Migration|x64
		{E7DF4356-F9EC-464A-A2A0-EF4798D2932E}.EF Migration|x86.ActiveCfg = EF Migration|x86
		{E7DF4356-F9EC-464A-A2A0-EF4798D2932E}.EF Migration|x86.Build.0 = EF Migration|x86
		{E7DF4356-F9EC-464A-A2A0-EF4798D2932E}.Release CLR No Test|ARM.ActiveCfg = Release CLR|ARM
		{E7DF4356-F9EC-464A-A2A0-EF4798D2932E}.Release CLR No Test|ARM.Build.0 = Release CLR|ARM
		{E7DF4356-F9EC-464A-A2A0-EF4798D2932E}.Release CLR No Test|x64.ActiveCfg = Release CLR|x64
		{E7DF4356-F9EC-464A-A2A0-EF4798D2932E}.Release CLR No Test|x64.Build.0 = Release CLR|x64
		{E7DF4356-F9EC-464A-A2A0-EF4798D2932E}.Release CLR No Test|x86.ActiveCfg = Release CLR|x86
		{E7DF4356-F9EC-464A-A2A0-EF4798D2932E}.Release CLR No Test|x86.Build.0 = Release CLR|x86
		{E7DF4356-F9EC-464A-A2A0-EF4798D2932E}.Release CLR Test|ARM.ActiveCfg = Release CLR|ARM
		{E7DF4356-F9EC-464A-A2A0-EF4798D2932E}.Release CLR Test|ARM.Build.0 = Release CLR|ARM
		{E7DF4356-F9EC-464A-A2A0-EF4798D2932E}.Release CLR Test|x64.ActiveCfg = Release CLR|x64
		{E7DF4356-F9EC-464A-A2A0-EF4798D2932E}.Release CLR Test|x64.Build.0 = Release CLR|x64
		{E7DF4356-F9EC-464A-A2A0-EF4798D2932E}.Release CLR Test|x86.ActiveCfg = Release CLR|x86
		{E7DF4356-F9EC-464A-A2A0-EF4798D2932E}.Release CLR Test|x86.Build.0 = Release CLR|x86
		{E7DF4356-F9EC-464A-A2A0-EF4798D2932E}.Release Store|ARM.ActiveCfg = Release Store|ARM
		{E7DF4356-F9EC-464A-A2A0-EF4798D2932E}.Release Store|ARM.Build.0 = Release Store|ARM
		{E7DF4356-F9EC-464A-A2A0-EF4798D2932E}.Release Store|x64.ActiveCfg = Release Store|x64
		{E7DF4356-F9EC-464A-A2A0-EF4798D2932E}.Release Store|x64.Build.0 = Release Store|x64
		{E7DF4356-F9EC-464A-A2A0-EF4798D2932E}.Release Store|x86.ActiveCfg = Release Store|x86
		{E7DF4356-F9EC-464A-A2A0-EF4798D2932E}.Release Store|x86.Build.0 = Release Store|x86
		{E7DF4356-F9EC-464A-A2A0-EF4798D2932E}.Release|ARM.ActiveCfg = Release|ARM
		{E7DF4356-F9EC-464A-A2A0-EF4798D2932E}.Release|ARM.Build.0 = Release|ARM
		{E7DF4356-F9EC-464A-A2A0-EF4798D2932E}.Release|x64.ActiveCfg = Release|x64
		{E7DF4356-F9EC-464A-A2A0-EF4798D2932E}.Release|x64.Build.0 = Release|x64
		{E7DF4356-F9EC-464A-A2A0-EF4798D2932E}.Release|x86.ActiveCfg = Release|x86
		{E7DF4356-F9EC-464A-A2A0-EF4798D2932E}.Release|x86.Build.0 = Release|x86
		{A75F8A18-646E-4B99-AF32-43E972FE6A8A}.Debug|ARM.ActiveCfg = Debug|ARM
		{A75F8A18-646E-4B99-AF32-43E972FE6A8A}.Debug|ARM.Build.0 = Debug|ARM
		{A75F8A18-646E-4B99-AF32-43E972FE6A8A}.Debug|x64.ActiveCfg = Debug|x64
		{A75F8A18-646E-4B99-AF32-43E972FE6A8A}.Debug|x64.Build.0 = Debug|x64
		{A75F8A18-646E-4B99-AF32-43E972FE6A8A}.Debug|x86.ActiveCfg = Debug|x86
		{A75F8A18-646E-4B99-AF32-43E972FE6A8A}.Debug|x86.Build.0 = Debug|x86
		{A75F8A18-646E-4B99-AF32-43E972FE6A8A}.EF Migration|ARM.ActiveCfg = EF Migration|ARM
		{A75F8A18-646E-4B99-AF32-43E972FE6A8A}.EF Migration|ARM.Build.0 = EF Migration|ARM
		{A75F8A18-646E-4B99-AF32-43E972FE6A8A}.EF Migration|x64.ActiveCfg = EF Migration|x64
		{A75F8A18-646E-4B99-AF32-43E972FE6A8A}.EF Migration|x64.Build.0 = EF Migration|x64
		{A75F8A18-646E-4B99-AF32-43E972FE6A8A}.EF Migration|x86.ActiveCfg = EF Migration|x86
		{A75F8A18-646E-4B99-AF32-43E972FE6A8A}.EF Migration|x86.Build.0 = EF Migration|x86
		{A75F8A18-646E-4B99-AF32-43E972FE6A8A}.Release CLR No Test|ARM.ActiveCfg = Release|ARM
		{A75F8A18-646E-4B99-AF32-43E972FE6A8A}.Release CLR No Test|ARM.Build.0 = Release|ARM
		{A75F8A18-646E-4B99-AF32-43E972FE6A8A}.Release CLR No Test|x64.ActiveCfg = Release|x64
		{A75F8A18-646E-4B99-AF32-43E972FE6A8A}.Release CLR No Test|x64.Build.0 = Release|x64
		{A75F8A18-646E-4B99-AF32-43E972FE6A8A}.Release CLR No Test|x86.ActiveCfg = Release|x86
		{A75F8A18-646E-4B99-AF32-43E972FE6A8A}.Release CLR No Test|x86.Build.0 = Release|x86
		{A75F8A18-646E-4B99-AF32-43E972FE6A8A}.Release CLR Test|ARM.ActiveCfg = Release|ARM
		{A75F8A18-646E-4B99-AF32-43E972FE6A8A}.Release CLR Test|ARM.Build.0 = Release|ARM
		{A75F8A18-646E-4B99-AF32-43E972FE6A8A}.Release CLR Test|x64.ActiveCfg = Release|x64
		{A75F8A18-646E-4B99-AF32-43E972FE6A8A}.Release CLR Test|x64.Build.0 = Release|x64
		{A75F8A18-646E-4B99-AF32-43E972FE6A8A}.Release CLR Test|x86.ActiveCfg = Release|x86
		{A75F8A18-646E-4B99-AF32-43E972FE6A8A}.Release CLR Test|x86.Build.0 = Release|x86
		{A75F8A18-646E-4B99-AF32-43E972FE6A8A}.Release Store|ARM.ActiveCfg = Release|ARM
		{A75F8A18-646E-4B99-AF32-43E972FE6A8A}.Release Store|ARM.Build.0 = Release|ARM
		{A75F8A18-646E-4B99-AF32-43E972FE6A8A}.Release Store|x64.ActiveCfg = Release|x64
		{A75F8A18-646E-4B99-AF32-43E972FE6A8A}.Release Store|x64.Build.0 = Release|x64
		{A75F8A18-646E-4B99-AF32-43E972FE6A8A}.Release Store|x86.ActiveCfg = Release|x86
		{A75F8A18-646E-4B99-AF32-43E972FE6A8A}.Release Store|x86.Build.0 = Release|x86
		{A75F8A18-646E-4B99-AF32-43E972FE6A8A}.Release|ARM.ActiveCfg = Release|ARM
		{A75F8A18-646E-4B99-AF32-43E972FE6A8A}.Release|ARM.Build.0 = Release|ARM
		{A75F8A18-646E-4B99-AF32-43E972FE6A8A}.Release|x64.ActiveCfg = Release|x64
		{A75F8A18-646E-4B99-AF32-43E972FE6A8A}.Release|x64.Build.0 = Release|x64
		{A75F8A18-646E-4B99-AF32-43E972FE6A8A}.Release|x86.ActiveCfg = Release|x86
		{A75F8A18-646E-4B99-AF32-43E972FE6A8A}.Release|x86.Build.0 = Release|x86
		{57B3B22B-0405-411D-B620-BBE31C24F698}.Debug|ARM.ActiveCfg = Debug|ARM
		{57B3B22B-0405-411D-B620-BBE31C24F698}.Debug|ARM.Build.0 = Debug|ARM
		{57B3B22B-0405-411D-B620-BBE31C24F698}.Debug|x64.ActiveCfg = Debug|x64
		{57B3B22B-0405-411D-B620-BBE31C24F698}.Debug|x64.Build.0 = Debug|x64
		{57B3B22B-0405-411D-B620-BBE31C24F698}.Debug|x86.ActiveCfg = Debug|x86
		{57B3B22B-0405-411D-B620-BBE31C24F698}.Debug|x86.Build.0 = Debug|x86
		{57B3B22B-0405-411D-B620-BBE31C24F698}.EF Migration|ARM.ActiveCfg = EF Migration|ARM
		{57B3B22B-0405-411D-B620-BBE31C24F698}.EF Migration|ARM.Build.0 = EF Migration|ARM
		{57B3B22B-0405-411D-B620-BBE31C24F698}.EF Migration|x64.ActiveCfg = EF Migration|x64
		{57B3B22B-0405-411D-B620-BBE31C24F698}.EF Migration|x64.Build.0 = EF Migration|x64
		{57B3B22B-0405-411D-B620-BBE31C24F698}.EF Migration|x86.ActiveCfg = EF Migration|x86
		{57B3B22B-0405-411D-B620-BBE31C24F698}.EF Migration|x86.Build.0 = EF Migration|x86
		{57B3B22B-0405-411D-B620-BBE31C24F698}.Release CLR No Test|ARM.ActiveCfg = Release|ARM
		{57B3B22B-0405-411D-B620-BBE31C24F698}.Release CLR No Test|ARM.Build.0 = Release|ARM
		{57B3B22B-0405-411D-B620-BBE31C24F698}.Release CLR No Test|x64.ActiveCfg = Release|x64
		{57B3B22B-0405-411D-B620-BBE31C24F698}.Release CLR No Test|x64.Build.0 = Release|x64
		{57B3B22B-0405-411D-B620-BBE31C24F698}.Release CLR No Test|x86.ActiveCfg = Release|x86
		{57B3B22B-0405-411D-B620-BBE31C24F698}.Release CLR No Test|x86.Build.0 = Release|x86
		{57B3B22B-0405-411D-B620-BBE31C24F698}.Release CLR Test|ARM.ActiveCfg = Release|ARM
		{57B3B22B-0405-411D-B620-BBE31C24F698}.Release CLR Test|ARM.Build.0 = Release|ARM
		{57B3B22B-0405-411D-B620-BBE31C24F698}.Release CLR Test|x64.ActiveCfg = Release|x64
		{57B3B22B-0405-411D-B620-BBE31C24F698}.Release CLR Test|x64.Build.0 = Release|x64
		{57B3B22B-0405-411D-B620-BBE31C24F698}.Release CLR Test|x86.ActiveCfg = Release|x86
		{57B3B22B-0405-411D-B620-BBE31C24F698}.Release CLR Test|x86.Build.0 = Release|x86
		{57B3B22B-0405-411D-B620-BBE31C24F698}.Release Store|ARM.ActiveCfg = Release|ARM
		{57B3B22B-0405-411D-B620-BBE31C24F698}.Release Store|ARM.Build.0 = Release|ARM
		{57B3B22B-0405-411D-B620-BBE31C24F698}.Release Store|x64.ActiveCfg = Release|x64
		{57B3B22B-0405-411D-B620-BBE31C24F698}.Release Store|x64.Build.0 = Release|x64
		{57B3B22B-0405-411D-B620-BBE31C24F698}.Release Store|x86.ActiveCfg = Release|x86
		{57B3B22B-0405-411D-B620-BBE31C24F698}.Release Store|x86.Build.0 = Release|x86
		{57B3B22B-0405-411D-B620-BBE31C24F698}.Release|ARM.ActiveCfg = Release|ARM
		{57B3B22B-0405-411D-B620-BBE31C24F698}.Release|ARM.Build.0 = Release|ARM
		{57B3B22B-0405-411D-B620-BBE31C24F698}.Release|x64.ActiveCfg = Release|x64
		{57B3B22B-0405-411D-B620-BBE31C24F698}.Release|x64.Build.0 = Release|x64
		{57B3B22B-0405-411D-B620-BBE31C24F698}.Release|x86.ActiveCfg = Release|x86
		{57B3B22B-0405-411D-B620-BBE31C24F698}.Release|x86.Build.0 = Release|x86
		{3E95163B-0031-4F40-86CB-6386FC2BCAE7}.Debug|ARM.ActiveCfg = Debug|ARM
		{3E95163B-0031-4F40-86CB-6386FC2BCAE7}.Debug|ARM.Build.0 = Debug|ARM
		{3E95163B-0031-4F40-86CB-6386FC2BCAE7}.Debug|ARM.Deploy.0 = Debug|ARM
		{3E95163B-0031-4F40-86CB-6386FC2BCAE7}.Debug|x64.ActiveCfg = Debug|x64
		{3E95163B-0031-4F40-86CB-6386FC2BCAE7}.Debug|x64.Build.0 = Debug|x64
		{3E95163B-0031-4F40-86CB-6386FC2BCAE7}.Debug|x64.Deploy.0 = Debug|x64
		{3E95163B-0031-4F40-86CB-6386FC2BCAE7}.Debug|x86.ActiveCfg = Debug|x86
		{3E95163B-0031-4F40-86CB-6386FC2BCAE7}.Debug|x86.Build.0 = Debug|x86
		{3E95163B-0031-4F40-86CB-6386FC2BCAE7}.Debug|x86.Deploy.0 = Debug|x86
		{3E95163B-0031-4F40-86CB-6386FC2BCAE7}.EF Migration|ARM.ActiveCfg = EF Migration|ARM
		{3E95163B-0031-4F40-86CB-6386FC2BCAE7}.EF Migration|ARM.Build.0 = EF Migration|ARM
		{3E95163B-0031-4F40-86CB-6386FC2BCAE7}.EF Migration|ARM.Deploy.0 = EF Migration|ARM
		{3E95163B-0031-4F40-86CB-6386FC2BCAE7}.EF Migration|x64.ActiveCfg = EF Migration|x64
		{3E95163B-0031-4F40-86CB-6386FC2BCAE7}.EF Migration|x64.Build.0 = EF Migration|x64
		{3E95163B-0031-4F40-86CB-6386FC2BCAE7}.EF Migration|x64.Deploy.0 = EF Migration|x64
		{3E95163B-0031-4F40-86CB-6386FC2BCAE7}.EF Migration|x86.ActiveCfg = EF Migration|x86
		{3E95163B-0031-4F40-86CB-6386FC2BCAE7}.EF Migration|x86.Build.0 = EF Migration|x86
		{3E95163B-0031-4F40-86CB-6386FC2BCAE7}.EF Migration|x86.Deploy.0 = EF Migration|x86
		{3E95163B-0031-4F40-86CB-6386FC2BCAE7}.Release CLR No Test|ARM.ActiveCfg = Release CLR|ARM
		{3E95163B-0031-4F40-86CB-6386FC2BCAE7}.Release CLR No Test|ARM.Build.0 = Release CLR|ARM
		{3E95163B-0031-4F40-86CB-6386FC2BCAE7}.Release CLR No Test|ARM.Deploy.0 = Release CLR|ARM
		{3E95163B-0031-4F40-86CB-6386FC2BCAE7}.Release CLR No Test|x64.ActiveCfg = Release CLR|x64
		{3E95163B-0031-4F40-86CB-6386FC2BCAE7}.Release CLR No Test|x64.Build.0 = Release CLR|x64
		{3E95163B-0031-4F40-86CB-6386FC2BCAE7}.Release CLR No Test|x64.Deploy.0 = Release CLR|x64
		{3E95163B-0031-4F40-86CB-6386FC2BCAE7}.Release CLR No Test|x86.ActiveCfg = Release CLR|x86
		{3E95163B-0031-4F40-86CB-6386FC2BCAE7}.Release CLR No Test|x86.Build.0 = Release CLR|x86
		{3E95163B-0031-4F40-86CB-6386FC2BCAE7}.Release CLR No Test|x86.Deploy.0 = Release CLR|x86
		{3E95163B-0031-4F40-86CB-6386FC2BCAE7}.Release CLR Test|ARM.ActiveCfg = Release CLR|ARM
		{3E95163B-0031-4F40-86CB-6386FC2BCAE7}.Release CLR Test|ARM.Build.0 = Release CLR|ARM
		{3E95163B-0031-4F40-86CB-6386FC2BCAE7}.Release CLR Test|ARM.Deploy.0 = Release CLR|ARM
		{3E95163B-0031-4F40-86CB-6386FC2BCAE7}.Release CLR Test|x64.ActiveCfg = Release CLR|x64
		{3E95163B-0031-4F40-86CB-6386FC2BCAE7}.Release CLR Test|x64.Build.0 = Release CLR|x64
		{3E95163B-0031-4F40-86CB-6386FC2BCAE7}.Release CLR Test|x64.Deploy.0 = Release CLR|x64
		{3E95163B-0031-4F40-86CB-6386FC2BCAE7}.Release CLR Test|x86.ActiveCfg = Release CLR|x86
		{3E95163B-0031-4F40-86CB-6386FC2BCAE7}.Release CLR Test|x86.Build.0 = Release CLR|x86
		{3E95163B-0031-4F40-86CB-6386FC2BCAE7}.Release CLR Test|x86.Deploy.0 = Release CLR|x86
		{3E95163B-0031-4F40-86CB-6386FC2BCAE7}.Release Store|ARM.ActiveCfg = Release|ARM
		{3E95163B-0031-4F40-86CB-6386FC2BCAE7}.Release Store|ARM.Build.0 = Release|ARM
		{3E95163B-0031-4F40-86CB-6386FC2BCAE7}.Release Store|ARM.Deploy.0 = Release|ARM
		{3E95163B-0031-4F40-86CB-6386FC2BCAE7}.Release Store|x64.ActiveCfg = Release|x64
		{3E95163B-0031-4F40-86CB-6386FC2BCAE7}.Release Store|x64.Build.0 = Release|x64
		{3E95163B-0031-4F40-86CB-6386FC2BCAE7}.Release Store|x64.Deploy.0 = Release|x64
		{3E95163B-0031-4F40-86CB-6386FC2BCAE7}.Release Store|x86.ActiveCfg = Release|x86
		{3E95163B-0031-4F40-86CB-6386FC2BCAE7}.Release Store|x86.Build.0 = Release|x86
		{3E95163B-0031-4F40-86CB-6386FC2BCAE7}.Release Store|x86.Deploy.0 = Release|x86
		{3E95163B-0031-4F40-86CB-6386FC2BCAE7}.Release|ARM.ActiveCfg = Release|ARM
		{3E95163B-0031-4F40-86CB-6386FC2BCAE7}.Release|ARM.Build.0 = Release|ARM
		{3E95163B-0031-4F40-86CB-6386FC2BCAE7}.Release|ARM.Deploy.0 = Release|ARM
		{3E95163B-0031-4F40-86CB-6386FC2BCAE7}.Release|x64.ActiveCfg = Release|x64
		{3E95163B-0031-4F40-86CB-6386FC2BCAE7}.Release|x64.Build.0 = Release|x64
		{3E95163B-0031-4F40-86CB-6386FC2BCAE7}.Release|x64.Deploy.0 = Release|x64
		{3E95163B-0031-4F40-86CB-6386FC2BCAE7}.Release|x86.ActiveCfg = Release|x86
		{3E95163B-0031-4F40-86CB-6386FC2BCAE7}.Release|x86.Build.0 = Release|x86
		{3E95163B-0031-4F40-86CB-6386FC2BCAE7}.Release|x86.Deploy.0 = Release|x86
		{2671CD98-ADEC-4AF6-8F26-648C9885DD27}.Debug|ARM.ActiveCfg = Debug|ARM
		{2671CD98-ADEC-4AF6-8F26-648C9885DD27}.Debug|ARM.Build.0 = Debug|ARM
		{2671CD98-ADEC-4AF6-8F26-648C9885DD27}.Debug|x64.ActiveCfg = Debug|x64
		{2671CD98-ADEC-4AF6-8F26-648C9885DD27}.Debug|x64.Build.0 = Debug|x64
		{2671CD98-ADEC-4AF6-8F26-648C9885DD27}.Debug|x86.ActiveCfg = Debug|x86
		{2671CD98-ADEC-4AF6-8F26-648C9885DD27}.Debug|x86.Build.0 = Debug|x86
		{2671CD98-ADEC-4AF6-8F26-648C9885DD27}.EF Migration|ARM.ActiveCfg = EF Migration|ARM
		{2671CD98-ADEC-4AF6-8F26-648C9885DD27}.EF Migration|ARM.Build.0 = EF Migration|ARM
		{2671CD98-ADEC-4AF6-8F26-648C9885DD27}.EF Migration|ARM.Deploy.0 = EF Migration|ARM
		{2671CD98-ADEC-4AF6-8F26-648C9885DD27}.EF Migration|x64.ActiveCfg = EF Migration|x64
		{2671CD98-ADEC-4AF6-8F26-648C9885DD27}.EF Migration|x64.Build.0 = EF Migration|x64
		{2671CD98-ADEC-4AF6-8F26-648C9885DD27}.EF Migration|x64.Deploy.0 = EF Migration|x64
		{2671CD98-ADEC-4AF6-8F26-648C9885DD27}.EF Migration|x86.ActiveCfg = EF Migration|x86
		{2671CD98-ADEC-4AF6-8F26-648C9885DD27}.EF Migration|x86.Build.0 = EF Migration|x86
		{2671CD98-ADEC-4AF6-8F26-648C9885DD27}.Release CLR No Test|ARM.ActiveCfg = Release|ARM
		{2671CD98-ADEC-4AF6-8F26-648C9885DD27}.Release CLR No Test|x64.ActiveCfg = Release|x64
		{2671CD98-ADEC-4AF6-8F26-648C9885DD27}.Release CLR No Test|x86.ActiveCfg = Release|x86
		{2671CD98-ADEC-4AF6-8F26-648C9885DD27}.Release CLR Test|ARM.ActiveCfg = Release|ARM
		{2671CD98-ADEC-4AF6-8F26-648C9885DD27}.Release CLR Test|ARM.Build.0 = Release|ARM
		{2671CD98-ADEC-4AF6-8F26-648C9885DD27}.Release CLR Test|ARM.Deploy.0 = Release|ARM
		{2671CD98-ADEC-4AF6-8F26-648C9885DD27}.Release CLR Test|x64.ActiveCfg = Release|x64
		{2671CD98-ADEC-4AF6-8F26-648C9885DD27}.Release CLR Test|x64.Build.0 = Release|x64
		{2671CD98-ADEC-4AF6-8F26-648C9885DD27}.Release CLR Test|x64.Deploy.0 = Release|x64
		{2671CD98-ADEC-4AF6-8F26-648C9885DD27}.Release CLR Test|x86.ActiveCfg = Release|x86
		{2671CD98-ADEC-4AF6-8F26-648C9885DD27}.Release CLR Test|x86.Build.0 = Release|x86
		{2671CD98-ADEC-4AF6-8F26-648C9885DD27}.Release CLR Test|x86.Deploy.0 = Release|x86
		{2671CD98-ADEC-4AF6-8F26-648C9885DD27}.Release Store|ARM.ActiveCfg = Release|ARM
		{2671CD98-ADEC-4AF6-8F26-648C9885DD27}.Release Store|ARM.Build.0 = Release|ARM
		{2671CD98-ADEC-4AF6-8F26-648C9885DD27}.Release Store|ARM.Deploy.0 = Release|ARM
		{2671CD98-ADEC-4AF6-8F26-648C9885DD27}.Release Store|x64.ActiveCfg = Release|x64
		{2671CD98-ADEC-4AF6-8F26-648C9885DD27}.Release Store|x64.Build.0 = Release|x64
		{2671CD98-ADEC-4AF6-8F26-648C9885DD27}.Release Store|x64.Deploy.0 = Release|x64
		{2671CD98-ADEC-4AF6-8F26-648C9885DD27}.Release Store|x86.ActiveCfg = Release|x86
		{2671CD98-ADEC-4AF6-8F26-648C9885DD27}.Release Store|x86.Build.0 = Release|x86
		{2671CD98-ADEC-4AF6-8F26-648C9885DD27}.Release|ARM.ActiveCfg = Release|ARM
		{2671CD98-ADEC-4AF6-8F26-648C9885DD27}.Release|x64.ActiveCfg = Release|x64
		{2671CD98-ADEC-4AF6-8F26-648C9885DD27}.Release|x86.ActiveCfg = Release|x86
		{2671CD98-ADEC-4AF6-8F26-648C9885DD27}.Release|x86.Build.0 = Release|x86
		{CFCF2BFD-EB2D-452F-AEE6-112CC63E1599}.Debug|ARM.ActiveCfg = Debug|ARM
		{CFCF2BFD-EB2D-452F-AEE6-112CC63E1599}.Debug|ARM.Build.0 = Debug|ARM
		{CFCF2BFD-EB2D-452F-AEE6-112CC63E1599}.Debug|x64.ActiveCfg = Debug|x64
		{CFCF2BFD-EB2D-452F-AEE6-112CC63E1599}.Debug|x64.Build.0 = Debug|x64
		{CFCF2BFD-EB2D-452F-AEE6-112CC63E1599}.Debug|x86.ActiveCfg = Debug|x86
		{CFCF2BFD-EB2D-452F-AEE6-112CC63E1599}.Debug|x86.Build.0 = Debug|x86
		{CFCF2BFD-EB2D-452F-AEE6-112CC63E1599}.EF Migration|ARM.ActiveCfg = Release|ARM
		{CFCF2BFD-EB2D-452F-AEE6-112CC63E1599}.EF Migration|ARM.Build.0 = Release|ARM
		{CFCF2BFD-EB2D-452F-AEE6-112CC63E1599}.EF Migration|x64.ActiveCfg = EF Migration|x64
		{CFCF2BFD-EB2D-452F-AEE6-112CC63E1599}.EF Migration|x64.Build.0 = EF Migration|x64
		{CFCF2BFD-EB2D-452F-AEE6-112CC63E1599}.EF Migration|x86.ActiveCfg = Release|x86
		{CFCF2BFD-EB2D-452F-AEE6-112CC63E1599}.EF Migration|x86.Build.0 = Release|x86
		{CFCF2BFD-EB2D-452F-AEE6-112CC63E1599}.Release CLR No Test|ARM.ActiveCfg = Release|ARM
		{CFCF2BFD-EB2D-452F-AEE6-112CC63E1599}.Release CLR No Test|ARM.Build.0 = Release|ARM
		{CFCF2BFD-EB2D-452F-AEE6-112CC63E1599}.Release CLR No Test|x64.ActiveCfg = Release|x64
		{CFCF2BFD-EB2D-452F-AEE6-112CC63E1599}.Release CLR No Test|x64.Build.0 = Release|x64
		{CFCF2BFD-EB2D-452F-AEE6-112CC63E1599}.Release CLR No Test|x86.ActiveCfg = Release|x86
		{CFCF2BFD-EB2D-452F-AEE6-112CC63E1599}.Release CLR No Test|x86.Build.0 = Release|x86
		{CFCF2BFD-EB2D-452F-AEE6-112CC63E1599}.Release CLR Test|ARM.ActiveCfg = Release|ARM
		{CFCF2BFD-EB2D-452F-AEE6-112CC63E1599}.Release CLR Test|ARM.Build.0 = Release|ARM
		{CFCF2BFD-EB2D-452F-AEE6-112CC63E1599}.Release CLR Test|x64.ActiveCfg = Release|x64
		{CFCF2BFD-EB2D-452F-AEE6-112CC63E1599}.Release CLR Test|x64.Build.0 = Release|x64
		{CFCF2BFD-EB2D-452F-AEE6-112CC63E1599}.Release CLR Test|x86.ActiveCfg = Release|x86
		{CFCF2BFD-EB2D-452F-AEE6-112CC63E1599}.Release CLR Test|x86.Build.0 = Release|x86
		{CFCF2BFD-EB2D-452F-AEE6-112CC63E1599}.Release Store|ARM.ActiveCfg = Release|ARM
		{CFCF2BFD-EB2D-452F-AEE6-112CC63E1599}.Release Store|ARM.Build.0 = Release|ARM
		{CFCF2BFD-EB2D-452F-AEE6-112CC63E1599}.Release Store|x64.ActiveCfg = Release|x64
		{CFCF2BFD-EB2D-452F-AEE6-112CC63E1599}.Release Store|x64.Build.0 = Release|x64
		{CFCF2BFD-EB2D-452F-AEE6-112CC63E1599}.Release Store|x86.ActiveCfg = Release|x86
		{CFCF2BFD-EB2D-452F-AEE6-112CC63E1599}.Release Store|x86.Build.0 = Release|x86
		{CFCF2BFD-EB2D-452F-AEE6-112CC63E1599}.Release|ARM.ActiveCfg = Release|ARM
		{CFCF2BFD-EB2D-452F-AEE6-112CC63E1599}.Release|ARM.Build.0 = Release|ARM
		{CFCF2BFD-EB2D-452F-AEE6-112CC63E1599}.Release|x64.ActiveCfg = Release|x64
		{CFCF2BFD-EB2D-452F-AEE6-112CC63E1599}.Release|x64.Build.0 = Release|x64
		{CFCF2BFD-EB2D-452F-AEE6-112CC63E1599}.Release|x86.ActiveCfg = Release|x86
		{CFCF2BFD-EB2D-452F-AEE6-112CC63E1599}.Release|x86.Build.0 = Release|x86
		{779348A3-0140-4093-B3C5-EE8DDDE90784}.Debug|ARM.ActiveCfg = Debug|ARM
		{779348A3-0140-4093-B3C5-EE8DDDE90784}.Debug|ARM.Build.0 = Debug|ARM
		{779348A3-0140-4093-B3C5-EE8DDDE90784}.Debug|x64.ActiveCfg = Debug|x64
		{779348A3-0140-4093-B3C5-EE8DDDE90784}.Debug|x64.Build.0 = Debug|x64
		{779348A3-0140-4093-B3C5-EE8DDDE90784}.Debug|x86.ActiveCfg = Debug|x86
		{779348A3-0140-4093-B3C5-EE8DDDE90784}.Debug|x86.Build.0 = Debug|x86
		{779348A3-0140-4093-B3C5-EE8DDDE90784}.EF Migration|ARM.ActiveCfg = Release|ARM
		{779348A3-0140-4093-B3C5-EE8DDDE90784}.EF Migration|ARM.Build.0 = Release|ARM
		{779348A3-0140-4093-B3C5-EE8DDDE90784}.EF Migration|x64.ActiveCfg = Release|x64
		{779348A3-0140-4093-B3C5-EE8DDDE90784}.EF Migration|x64.Build.0 = Release|x64
		{779348A3-0140-4093-B3C5-EE8DDDE90784}.EF Migration|x86.ActiveCfg = Release|x86
		{779348A3-0140-4093-B3C5-EE8DDDE90784}.EF Migration|x86.Build.0 = Release|x86
		{779348A3-0140-4093-B3C5-EE8DDDE90784}.Release CLR No Test|ARM.ActiveCfg = Release|ARM
		{779348A3-0140-4093-B3C5-EE8DDDE90784}.Release CLR No Test|ARM.Build.0 = Release|ARM
		{779348A3-0140-4093-B3C5-EE8DDDE90784}.Release CLR No Test|x64.ActiveCfg = Release|x64
		{779348A3-0140-4093-B3C5-EE8DDDE90784}.Release CLR No Test|x64.Build.0 = Release|x64
		{779348A3-0140-4093-B3C5-EE8DDDE90784}.Release CLR No Test|x86.ActiveCfg = Release|x86
		{779348A3-0140-4093-B3C5-EE8DDDE90784}.Release CLR No Test|x86.Build.0 = Release|x86
		{779348A3-0140-4093-B3C5-EE8DDDE90784}.Release CLR Test|ARM.ActiveCfg = Release|ARM
		{779348A3-0140-4093-B3C5-EE8DDDE90784}.Release CLR Test|ARM.Build.0 = Release|ARM
		{779348A3-0140-4093-B3C5-EE8DDDE90784}.Release CLR Test|x64.ActiveCfg = Release|x64
		{779348A3-0140-4093-B3C5-EE8DDDE90784}.Release CLR Test|x64.Build.0 = Release|x64
		{779348A3-0140-4093-B3C5-EE8DDDE90784}.Release CLR Test|x86.ActiveCfg = Release|x86
		{779348A3-0140-4093-B3C5-EE8DDDE90784}.Release CLR Test|x86.Build.0 = Release|x86
		{779348A3-0140-4093-B3C5-EE8DDDE90784}.Release Store|ARM.ActiveCfg = Release|ARM
		{779348A3-0140-4093-B3C5-EE8DDDE90784}.Release Store|ARM.Build.0 = Release|ARM
		{779348A3-0140-4093-B3C5-EE8DDDE90784}.Release Store|x64.ActiveCfg = Release|x64
		{779348A3-0140-4093-B3C5-EE8DDDE90784}.Release Store|x64.Build.0 = Release|x64
		{779348A3-0140-4093-B3C5-EE8DDDE90784}.Release Store|x86.ActiveCfg = Release|x86
		{779348A3-0140-4093-B3C5-EE8DDDE90784}.Release Store|x86.Build.0 = Release|x86
		{779348A3-0140-4093-B3C5-EE8DDDE90784}.Release|ARM.ActiveCfg = Release|ARM
		{779348A3-0140-4093-B3C5-EE8DDDE90784}.Release|ARM.Build.0 = Release|ARM
		{779348A3-0140-4093-B3C5-EE8DDDE90784}.Release|x64.ActiveCfg = Release|x64
		{779348A3-0140-4093-B3C5-EE8DDDE90784}.Release|x64.Build.0 = Release|x64
		{779348A3-0140-4093-B3C5-EE8DDDE90784}.Release|x86.ActiveCfg = Release|x86
		{779348A3-0140-4093-B3C5-EE8DDDE90784}.Release|x86.Build.0 = Release|x86
		{11801572-C8D0-49DA-A264-94798F89C02D}.Debug|ARM.ActiveCfg = Debug|ARM
		{11801572-C8D0-49DA-A264-94798F89C02D}.Debug|ARM.Build.0 = Debug|ARM
		{11801572-C8D0-49DA-A264-94798F89C02D}.Debug|x64.ActiveCfg = Debug|x64
		{11801572-C8D0-49DA-A264-94798F89C02D}.Debug|x64.Build.0 = Debug|x64
		{11801572-C8D0-49DA-A264-94798F89C02D}.Debug|x86.ActiveCfg = Debug|x86
		{11801572-C8D0-49DA-A264-94798F89C02D}.Debug|x86.Build.0 = Debug|x86
		{11801572-C8D0-49DA-A264-94798F89C02D}.EF Migration|ARM.ActiveCfg = Release|ARM
		{11801572-C8D0-49DA-A264-94798F89C02D}.EF Migration|ARM.Build.0 = Release|ARM
		{11801572-C8D0-49DA-A264-94798F89C02D}.EF Migration|x64.ActiveCfg = Release|x64
		{11801572-C8D0-49DA-A264-94798F89C02D}.EF Migration|x64.Build.0 = Release|x64
		{11801572-C8D0-49DA-A264-94798F89C02D}.EF Migration|x86.ActiveCfg = Release|x86
		{11801572-C8D0-49DA-A264-94798F89C02D}.EF Migration|x86.Build.0 = Release|x86
		{11801572-C8D0-49DA-A264-94798F89C02D}.Release CLR No Test|ARM.ActiveCfg = Release|ARM
		{11801572-C8D0-49DA-A264-94798F89C02D}.Release CLR No Test|ARM.Build.0 = Release|ARM
		{11801572-C8D0-49DA-A264-94798F89C02D}.Release CLR No Test|x64.ActiveCfg = Release|x64
		{11801572-C8D0-49DA-A264-94798F89C02D}.Release CLR No Test|x64.Build.0 = Release|x64
		{11801572-C8D0-49DA-A264-94798F89C02D}.Release CLR No Test|x86.ActiveCfg = Release|x86
		{11801572-C8D0-49DA-A264-94798F89C02D}.Release CLR No Test|x86.Build.0 = Release|x86
		{11801572-C8D0-49DA-A264-94798F89C02D}.Release CLR Test|ARM.ActiveCfg = Release|ARM
		{11801572-C8D0-49DA-A264-94798F89C02D}.Release CLR Test|ARM.Build.0 = Release|ARM
		{11801572-C8D0-49DA-A264-94798F89C02D}.Release CLR Test|x64.ActiveCfg = Release|x64
		{11801572-C8D0-49DA-A264-94798F89C02D}.Release CLR Test|x64.Build.0 = Release|x64
		{11801572-C8D0-49DA-A264-94798F89C02D}.Release CLR Test|x86.ActiveCfg = Release|x86
		{11801572-C8D0-49DA-A264-94798F89C02D}.Release CLR Test|x86.Build.0 = Release|x86
		{11801572-C8D0-49DA-A264-94798F89C02D}.Release Store|ARM.ActiveCfg = Release|ARM
		{11801572-C8D0-49DA-A264-94798F89C02D}.Release Store|ARM.Build.0 = Release|ARM
		{11801572-C8D0-49DA-A264-94798F89C02D}.Release Store|x64.ActiveCfg = Release|x64
		{11801572-C8D0-49DA-A264-94798F89C02D}.Release Store|x64.Build.0 = Release|x64
		{11801572-C8D0-49DA-A264-94798F89C02D}.Release Store|x86.ActiveCfg = Release|x86
		{11801572-C8D0-49DA-A264-94798F89C02D}.Release Store|x86.Build.0 = Release|x86
		{11801572-C8D0-49DA-A264-94798F89C02D}.Release|ARM.ActiveCfg = Release|ARM
		{11801572-C8D0-49DA-A264-94798F89C02D}.Release|ARM.Build.0 = Release|ARM
		{11801572-C8D0-49DA-A264-94798F89C02D}.Release|x64.ActiveCfg = Release|x64
		{11801572-C8D0-49DA-A264-94798F89C02D}.Release|x64.Build.0 = Release|x64
		{11801572-C8D0-49DA-A264-94798F89C02D}.Release|x86.ActiveCfg = Release|x86
		{11801572-C8D0-49DA-A264-94798F89C02D}.Release|x86.Build.0 = Release|x86
		{99C91C91-4AD8-40DB-BC14-677EFFEADBE1}.Debug|ARM.ActiveCfg = Debug|ARM
		{99C91C91-4AD8-40DB-BC14-677EFFEADBE1}.Debug|ARM.Build.0 = Debug|ARM
		{99C91C91-4AD8-40DB-BC14-677EFFEADBE1}.Debug|x64.ActiveCfg = Debug|x64
		{99C91C91-4AD8-40DB-BC14-677EFFEADBE1}.Debug|x64.Build.0 = Debug|x64
		{99C91C91-4AD8-40DB-BC14-677EFFEADBE1}.Debug|x86.ActiveCfg = Debug|x86
		{99C91C91-4AD8-40DB-BC14-677EFFEADBE1}.Debug|x86.Build.0 = Debug|x86
		{99C91C91-4AD8-40DB-BC14-677EFFEADBE1}.EF Migration|ARM.ActiveCfg = Release|ARM
		{99C91C91-4AD8-40DB-BC14-677EFFEADBE1}.EF Migration|ARM.Build.0 = Release|ARM
		{99C91C91-4AD8-40DB-BC14-677EFFEADBE1}.EF Migration|x64.ActiveCfg = Release|x64
		{99C91C91-4AD8-40DB-BC14-677EFFEADBE1}.EF Migration|x64.Build.0 = Release|x64
		{99C91C91-4AD8-40DB-BC14-677EFFEADBE1}.EF Migration|x86.ActiveCfg = Release|x86
		{99C91C91-4AD8-40DB-BC14-677EFFEADBE1}.EF Migration|x86.Build.0 = Release|x86
		{99C91C91-4AD8-40DB-BC14-677EFFEADBE1}.Release CLR No Test|ARM.ActiveCfg = Release|ARM
		{99C91C91-4AD8-40DB-BC14-677EFFEADBE1}.Release CLR No Test|ARM.Build.0 = Release|ARM
		{99C91C91-4AD8-40DB-BC14-677EFFEADBE1}.Release CLR No Test|x64.ActiveCfg = Release|x64
		{99C91C91-4AD8-40DB-BC14-677EFFEADBE1}.Release CLR No Test|x64.Build.0 = Release|x64
		{99C91C91-4AD8-40DB-BC14-677EFFEADBE1}.Release CLR No Test|x86.ActiveCfg = Release|x86
		{99C91C91-4AD8-40DB-BC14-677EFFEADBE1}.Release CLR No Test|x86.Build.0 = Release|x86
		{99C91C91-4AD8-40DB-BC14-677EFFEADBE1}.Release CLR Test|ARM.ActiveCfg = Release|ARM
		{99C91C91-4AD8-40DB-BC14-677EFFEADBE1}.Release CLR Test|ARM.Build.0 = Release|ARM
		{99C91C91-4AD8-40DB-BC14-677EFFEADBE1}.Release CLR Test|x64.ActiveCfg = Release|x64
		{99C91C91-4AD8-40DB-BC14-677EFFEADBE1}.Release CLR Test|x64.Build.0 = Release|x64
		{99C91C91-4AD8-40DB-BC14-677EFFEADBE1}.Release CLR Test|x86.ActiveCfg = Release|x86
		{99C91C91-4AD8-40DB-BC14-677EFFEADBE1}.Release CLR Test|x86.Build.0 = Release|x86
		{99C91C91-4AD8-40DB-BC14-677EFFEADBE1}.Release Store|ARM.ActiveCfg = Release|ARM
		{99C91C91-4AD8-40DB-BC14-677EFFEADBE1}.Release Store|ARM.Build.0 = Release|ARM
		{99C91C91-4AD8-40DB-BC14-677EFFEADBE1}.Release Store|x64.ActiveCfg = Release|x64
		{99C91C91-4AD8-40DB-BC14-677EFFEADBE1}.Release Store|x64.Build.0 = Release|x64
		{99C91C91-4AD8-40DB-BC14-677EFFEADBE1}.Release Store|x86.ActiveCfg = Release|x86
		{99C91C91-4AD8-40DB-BC14-677EFFEADBE1}.Release Store|x86.Build.0 = Release|x86
		{99C91C91-4AD8-40DB-BC14-677EFFEADBE1}.Release|ARM.ActiveCfg = Release|ARM
		{99C91C91-4AD8-40DB-BC14-677EFFEADBE1}.Release|ARM.Build.0 = Release|ARM
		{99C91C91-4AD8-40DB-BC14-677EFFEADBE1}.Release|x64.ActiveCfg = Release|x64
		{99C91C91-4AD8-40DB-BC14-677EFFEADBE1}.Release|x64.Build.0 = Release|x64
		{99C91C91-4AD8-40DB-BC14-677EFFEADBE1}.Release|x86.ActiveCfg = Release|x86
		{99C91C91-4AD8-40DB-BC14-677EFFEADBE1}.Release|x86.Build.0 = Release|x86
		{A73AFBBD-3322-4AAC-A894-16B5696E58C3}.Debug|ARM.ActiveCfg = Debug|ARM
		{A73AFBBD-3322-4AAC-A894-16B5696E58C3}.Debug|ARM.Build.0 = Debug|ARM
		{A73AFBBD-3322-4AAC-A894-16B5696E58C3}.Debug|x64.ActiveCfg = Debug|x64
		{A73AFBBD-3322-4AAC-A894-16B5696E58C3}.Debug|x64.Build.0 = Debug|x64
		{A73AFBBD-3322-4AAC-A894-16B5696E58C3}.Debug|x86.ActiveCfg = Debug|x86
		{A73AFBBD-3322-4AAC-A894-16B5696E58C3}.Debug|x86.Build.0 = Debug|x86
		{A73AFBBD-3322-4AAC-A894-16B5696E58C3}.EF Migration|ARM.ActiveCfg = Release|ARM
		{A73AFBBD-3322-4AAC-A894-16B5696E58C3}.EF Migration|ARM.Build.0 = Release|ARM
		{A73AFBBD-3322-4AAC-A894-16B5696E58C3}.EF Migration|x64.ActiveCfg = Release|x64
		{A73AFBBD-3322-4AAC-A894-16B5696E58C3}.EF Migration|x64.Build.0 = Release|x64
		{A73AFBBD-3322-4AAC-A894-16B5696E58C3}.EF Migration|x86.ActiveCfg = Release|x86
		{A73AFBBD-3322-4AAC-A894-16B5696E58C3}.EF Migration|x86.Build.0 = Release|x86
		{A73AFBBD-3322-4AAC-A894-16B5696E58C3}.Release CLR No Test|ARM.ActiveCfg = Release|ARM
		{A73AFBBD-3322-4AAC-A894-16B5696E58C3}.Release CLR No Test|ARM.Build.0 = Release|ARM
		{A73AFBBD-3322-4AAC-A894-16B5696E58C3}.Release CLR No Test|x64.ActiveCfg = Release|x64
		{A73AFBBD-3322-4AAC-A894-16B5696E58C3}.Release CLR No Test|x64.Build.0 = Release|x64
		{A73AFBBD-3322-4AAC-A894-16B5696E58C3}.Release CLR No Test|x86.ActiveCfg = Release|x86
		{A73AFBBD-3322-4AAC-A894-16B5696E58C3}.Release CLR No Test|x86.Build.0 = Release|x86
		{A73AFBBD-3322-4AAC-A894-16B5696E58C3}.Release CLR Test|ARM.ActiveCfg = Release|ARM
		{A73AFBBD-3322-4AAC-A894-16B5696E58C3}.Release CLR Test|ARM.Build.0 = Release|ARM
		{A73AFBBD-3322-4AAC-A894-16B5696E58C3}.Release CLR Test|x64.ActiveCfg = Release|x64
		{A73AFBBD-3322-4AAC-A894-16B5696E58C3}.Release CLR Test|x64.Build.0 = Release|x64
		{A73AFBBD-3322-4AAC-A894-16B5696E58C3}.Release CLR Test|x86.ActiveCfg = Release|x86
		{A73AFBBD-3322-4AAC-A894-16B5696E58C3}.Release CLR Test|x86.Build.0 = Release|x86
		{A73AFBBD-3322-4AAC-A894-16B5696E58C3}.Release Store|ARM.ActiveCfg = Release|ARM
		{A73AFBBD-3322-4AAC-A894-16B5696E58C3}.Release Store|ARM.Build.0 = Release|ARM
		{A73AFBBD-3322-4AAC-A894-16B5696E58C3}.Release Store|x64.ActiveCfg = Release|x64
		{A73AFBBD-3322-4AAC-A894-16B5696E58C3}.Release Store|x64.Build.0 = Release|x64
		{A73AFBBD-3322-4AAC-A894-16B5696E58C3}.Release Store|x86.ActiveCfg = Release|x86
		{A73AFBBD-3322-4AAC-A894-16B5696E58C3}.Release Store|x86.Build.0 = Release|x86
		{A73AFBBD-3322-4AAC-A894-16B5696E58C3}.Release|ARM.ActiveCfg = Release|ARM
		{A73AFBBD-3322-4AAC-A894-16B5696E58C3}.Release|ARM.Build.0 = Release|ARM
		{A73AFBBD-3322-4AAC-A894-16B5696E58C3}.Release|x64.ActiveCfg = Release|x64
		{A73AFBBD-3322-4AAC-A894-16B5696E58C3}.Release|x64.Build.0 = Release|x64
		{A73AFBBD-3322-4AAC-A894-16B5696E58C3}.Release|x86.ActiveCfg = Release|x86
		{A73AFBBD-3322-4AAC-A894-16B5696E58C3}.Release|x86.Build.0 = Release|x86
	EndGlobalSection
	GlobalSection(SolutionProperties) = preSolution
		HideSolutionNode = FALSE
	EndGlobalSection
	GlobalSection(NestedProjects) = preSolution
		{5417502D-C01A-4832-91D6-58D1C2912263} = {F3ACB0BC-25A0-48E6-95A8-7FD7809B560C}
		{AD168752-4263-4DFE-8438-0B6C21016BA4} = {E14E972E-4205-4EB7-949D-D8DB1AFE62A4}
		{E14E972E-4205-4EB7-949D-D8DB1AFE62A4} = {2075F18C-1719-436E-BB9C-BB46DE8F7C12}
		{DBBBBDC5-B913-49C4-9C9F-C82E4ADFF9A2} = {6EAA4A9A-F458-4E88-814D-E53839A1AB32}
		{E7DF4356-F9EC-464A-A2A0-EF4798D2932E} = {6EAA4A9A-F458-4E88-814D-E53839A1AB32}
		{A75F8A18-646E-4B99-AF32-43E972FE6A8A} = {F3ACB0BC-25A0-48E6-95A8-7FD7809B560C}
		{57B3B22B-0405-411D-B620-BBE31C24F698} = {82EF6977-CD3C-498A-84C3-65412089A0A5}
		{3E95163B-0031-4F40-86CB-6386FC2BCAE7} = {F3ACB0BC-25A0-48E6-95A8-7FD7809B560C}
		{82EF6977-CD3C-498A-84C3-65412089A0A5} = {F3ACB0BC-25A0-48E6-95A8-7FD7809B560C}
		{2671CD98-ADEC-4AF6-8F26-648C9885DD27} = {6EAA4A9A-F458-4E88-814D-E53839A1AB32}
		{CFCF2BFD-EB2D-452F-AEE6-112CC63E1599} = {F3ACB0BC-25A0-48E6-95A8-7FD7809B560C}
		{779348A3-0140-4093-B3C5-EE8DDDE90784} = {6EAA4A9A-F458-4E88-814D-E53839A1AB32}
		{11801572-C8D0-49DA-A264-94798F89C02D} = {8A892522-48CE-440A-A529-09C1F897D7D0}
		{99C91C91-4AD8-40DB-BC14-677EFFEADBE1} = {8A892522-48CE-440A-A529-09C1F897D7D0}
		{A73AFBBD-3322-4AAC-A894-16B5696E58C3} = {8A892522-48CE-440A-A529-09C1F897D7D0}
	EndGlobalSection
	GlobalSection(ExtensibilityGlobals) = postSolution
		SolutionGuid = {60DBC1B4-1807-465D-AF2E-059474F801C8}
	EndGlobalSection
	GlobalSection(TeamFoundationVersionControl) = preSolution
		SccNumberOfProjects = 14
		SccEnterpriseProvider = {4CA58AB2-18FA-4F8D-95D4-32DDF27D184C}
		SccTeamFoundationServer = https://ligstd.visualstudio.com/defaultcollection
		SccLocalPath0 = .
		SccProjectUniqueName1 = ChakraBridge\\ChakraBridge.csproj
		SccProjectTopLevelParentUniqueName1 = Light.Audio.sln
		SccProjectName1 = ChakraBridge
		SccLocalPath1 = ChakraBridge
		SccProjectUniqueName2 = Lyrics\\Light.Lyrics\\Light.Lyrics.csproj
		SccProjectTopLevelParentUniqueName2 = Light.Audio.sln
		SccProjectName2 = Lyrics/Light.Lyrics
		SccLocalPath2 = Lyrics\\Light.Lyrics
		SccProjectUniqueName3 = Light\u0020native\\Light.Universal\\Light.Universal.vcxproj
		SccProjectTopLevelParentUniqueName3 = Light.Audio.sln
		SccProjectName3 = Light\u0020native/Light.Universal
		SccLocalPath3 = Light\u0020native\\Light.Universal
		SccProjectUniqueName4 = Light.Managed\\Light.Managed.csproj
		SccProjectTopLevelParentUniqueName4 = Light.Audio.sln
		SccProjectName4 = Light.Managed
		SccLocalPath4 = Light.Managed
		SccProjectUniqueName5 = Light.CueIndex\\Light.CueIndex.csproj
		SccProjectTopLevelParentUniqueName5 = Light.Audio.sln
		SccProjectName5 = Light.CueIndex
		SccLocalPath5 = Light.CueIndex
		SccProjectUniqueName6 = Light.Lyrics.External\\Light.Lyrics.Common.csproj
		SccProjectTopLevelParentUniqueName6 = Light.Audio.sln
		SccProjectName6 = Light.Lyrics.External
		SccLocalPath6 = Light.Lyrics.External
		SccProjectUniqueName7 = App\\Light\\Light.csproj
		SccProjectTopLevelParentUniqueName7 = Light.Audio.sln
		SccProjectName7 = App/Light
		SccLocalPath7 = App\\Light
		SccProjectUniqueName8 = Light.Managed.Test\\Light.Managed.Test.csproj
		SccProjectTopLevelParentUniqueName8 = Light.Audio.sln
		SccProjectName8 = Light.Managed.Test
		SccLocalPath8 = Light.Managed.Test
		SccProjectUniqueName9 = ColorThief\\ColorThief.csproj
		SccProjectTopLevelParentUniqueName9 = Light.Audio.sln
		SccProjectName9 = ColorThief
		SccLocalPath9 = ColorThief
		SccProjectUniqueName10 = WindowsRuntimeEtwLoggerProvider\\WindowsRuntimeEtwLoggerProvider.csproj
		SccProjectTopLevelParentUniqueName10 = Light.Audio.sln
		SccProjectName10 = WindowsRuntimeEtwLoggerProvider
		SccLocalPath10 = WindowsRuntimeEtwLoggerProvider
		SccProjectUniqueName11 = Configuration\\Microsoft.Extensions.FileProviders.WindowsRuntime\\Microsoft.Extensions.FileProviders.WindowsRuntime.csproj
		SccProjectTopLevelParentUniqueName11 = Light.Audio.sln
		SccProjectName11 = Configuration/Microsoft.Extensions.FileProviders.WindowsRuntime
		SccLocalPath11 = Configuration\\Microsoft.Extensions.FileProviders.WindowsRuntime
		SccProjectUniqueName12 = Configuration\\Microsoft.Extensions.Configuration.WinRTFileExtensions\\Microsoft.Extensions.Configuration.WinRTFileExtensions.csproj
		SccProjectTopLevelParentUniqueName12 = Light.Audio.sln
		SccProjectName12 = Configuration/Microsoft.Extensions.Configuration.WinRTFileExtensions
		SccLocalPath12 = Configuration\\Microsoft.Extensions.Configuration.WinRTFileExtensions
		SccProjectUniqueName13 = Configuration\\Microsoft.Extensions.Configuration.Json\\Microsoft.Extensions.Configuration.Json.csproj
		SccProjectTopLevelParentUniqueName13 = Light.Audio.sln
		SccProjectName13 = Configuration/Microsoft.Extensions.Configuration.Json
		SccLocalPath13 = Configuration\\Microsoft.Extensions.Configuration.Json
	EndGlobalSection
EndGlobal
